
Microsoft Visual Studio Solution File, Format Version 12.00
# Visual Studio Version 17
VisualStudioVersion = 17.14.36414.22
MinimumVisualStudioVersion = 10.0.40219.1
Project("{FAE04EC0-301F-11D3-BF4B-00C04F79EFBC}") = "FB.Core", "FB.Core\FB.Core.csproj", "{DC1726EA-2B94-4B61-8549-D18394E462A4}"
EndProject
Project("{FAE04EC0-301F-11D3-BF4B-00C04F79EFBC}") = "FB.MVC", "FB.MVC\FB.MVC.csproj", "{C19834A0-427F-4A92-A149-AD1714F017F3}"
EndProject
Project("{FAE04EC0-301F-11D3-BF4B-00C04F79EFBC}") = "FB.Models", "FB.Models\FB.Models.csproj", "{313E14F3-414E-449F-838E-062BA2B29C21}"
EndProject
Project("{FAE04EC0-301F-11D3-BF4B-00C04F79EFBC}") = "FB.Data", "FB.Data\FB.Data.csproj", "{F3516E98-D4AB-4B7F-BFD4-2A8F54D7701C}"
EndProject
Global
	GlobalSection(SolutionConfigurationPlatforms) = preSolution
		Debug|Any CPU = Debug|Any CPU
		Release|Any CPU = Release|Any CPU
	EndGlobalSection
	GlobalSection(ProjectConfigurationPlatforms) = postSolution
		{DC1726EA-2B94-4B61-8549-D18394E462A4}.Debug|Any CPU.ActiveCfg = Debug|Any CPU
		{DC1726EA-2B94-4B61-8549-D18394E462A4}.Debug|Any CPU.Build.0 = Debug|Any CPU
		{DC1726EA-2B94-4B61-8549-D18394E462A4}.Release|Any CPU.ActiveCfg = Release|Any CPU
		{DC1726EA-2B94-4B61-8549-D18394E462A4}.Release|Any CPU.Build.0 = Release|Any CPU
		{C19834A0-427F-4A92-A149-AD1714F017F3}.Debug|Any CPU.ActiveCfg = Debug|Any CPU
		{C19834A0-427F-4A92-A149-AD1714F017F3}.Debug|Any CPU.Build.0 = Debug|Any CPU
		{C19834A0-427F-4A92-A149-AD1714F017F3}.Release|Any CPU.ActiveCfg = Release|Any CPU
		{C19834A0-427F-4A92-A149-AD1714F017F3}.Release|Any CPU.Build.0 = Release|Any CPU
		{313E14F3-414E-449F-838E-062BA2B29C21}.Debug|Any CPU.ActiveCfg = Debug|Any CPU
		{313E14F3-414E-449F-838E-062BA2B29C21}.Debug|Any CPU.Build.0 = Debug|Any CPU
		{313E14F3-414E-449F-838E-062BA2B29C21}.Release|Any CPU.ActiveCfg = Release|Any CPU
		{313E14F3-414E-449F-838E-062BA2B29C21}.Release|Any CPU.Build.0 = Release|Any CPU
		{F3516E98-D4AB-4B7F-BFD4-2A8F54D7701C}.Debug|Any CPU.ActiveCfg = Debug|Any CPU
		{F3516E98-D4AB-4B7F-BFD4-2A8F54D7701C}.Debug|Any CPU.Build.0 = Debug|Any CPU
		{F3516E98-D4AB-4B7F-BFD4-2A8F54D7701C}.Release|Any CPU.ActiveCfg = Release|Any CPU
		{F3516E98-D4AB-4B7F-BFD4-2A8F54D7701C}.Release|Any CPU.Build.0 = Release|Any CPU
	EndGlobalSection
	GlobalSection(SolutionProperties) = preSolution
		HideSolutionNode = FALSE
	EndGlobalSection
	GlobalSection(ExtensibilityGlobals) = postSolution
		SolutionGuid = {C0A946BB-0EBB-43E2-9260-448248D68F2B}
	EndGlobalSection
EndGlobal
